// !$*UTF8*$!
{
	archiveVersion = 1;
	classes = {
	};
	objectVersion = 77;
	objects = {

/* Begin PBXBuildFile section */
		A580AB9E2BAC2160005E1F27 /* WebKit.framework in Frameworks */ = {isa = PBXBuildFile; fileRef = A580AB9D2BAC2160005E1F27 /* WebKit.framework */; };
/* End PBXBuildFile section */

/* Begin PBXContainerItemProxy section */
		128A22352B4431B200FFD13D /* PBXContainerItemProxy */ = {
			isa = PBXContainerItemProxy;
			containerPortal = 128A22132B4431AF00FFD13D /* Project object */;
			proxyType = 1;
			remoteGlobalIDString = 128A221A2B4431AF00FFD13D;
			remoteInfo = ZscalerSDKSampleApp;
		};
		128A223F2B4431B200FFD13D /* PBXContainerItemProxy */ = {
			isa = PBXContainerItemProxy;
			containerPortal = 128A22132B4431AF00FFD13D /* Project object */;
			proxyType = 1;
			remoteGlobalIDString = 128A221A2B4431AF00FFD13D;
			remoteInfo = ZscalerSDKSampleApp;
		};
/* End PBXContainerItemProxy section */

/* Begin PBXCopyFilesBuildPhase section */
		336212F02BF67D8F00A1AA38 /* Embed Frameworks */ = {
			isa = PBXCopyFilesBuildPhase;
			buildActionMask = 2147483647;
			dstPath = "";
			dstSubfolderSpec = 10;
			files = (
			);
			name = "Embed Frameworks";
			runOnlyForDeploymentPostprocessing = 0;
		};
/* End PBXCopyFilesBuildPhase section */

/* Begin PBXFileReference section */
		128A221B2B4431AF00FFD13D /* ZscalerSDKSampleApp.app */ = {isa = PBXFileReference; explicitFileType = wrapper.application; includeInIndex = 0; path = ZscalerSDKSampleApp.app; sourceTree = BUILT_PRODUCTS_DIR; };
		128A22342B4431B200FFD13D /* ZscalerSDKSampleAppTests.xctest */ = {isa = PBXFileReference; explicitFileType = wrapper.cfbundle; includeInIndex = 0; path = ZscalerSDKSampleAppTests.xctest; sourceTree = BUILT_PRODUCTS_DIR; };
		128A223E2B4431B200FFD13D /* ZscalerSDKSampleAppUITests.xctest */ = {isa = PBXFileReference; explicitFileType = wrapper.cfbundle; includeInIndex = 0; path = ZscalerSDKSampleAppUITests.xctest; sourceTree = BUILT_PRODUCTS_DIR; };
		33DA88932E4E4FB700A92DF1 /* Zscaler.framework */ = {isa = PBXFileReference; explicitFileType = wrapper.framework; path = Zscaler.framework; sourceTree = BUILT_PRODUCTS_DIR; };
		A580AB9D2BAC2160005E1F27 /* WebKit.framework */ = {isa = PBXFileReference; lastKnownFileType = wrapper.framework; name = WebKit.framework; path = System/Library/Frameworks/WebKit.framework; sourceTree = SDKROOT; };
/* End PBXFileReference section */

/* Begin PBXFileSystemSynchronizedBuildFileExceptionSet section */
		33D705392E40EE97004EE721 /* Exceptions for "ZscalerSDKSampleApp" folder in "ZscalerSDKSampleApp" target */ = {
			isa = PBXFileSystemSynchronizedBuildFileExceptionSet;
			membershipExceptions = (
				Info.plist,
			);
			target = 128A221A2B4431AF00FFD13D /* ZscalerSDKSampleApp */;
		};
		33DA9C232E4E65AE00A92DF1 /* Exceptions for "ZscalerSDKSampleApp" folder in "ZscalerSDKSampleAppUITests" target */ = {
			isa = PBXFileSystemSynchronizedBuildFileExceptionSet;
			membershipExceptions = (
				Resources/secrets_dev2.json,
				Resources/secrets_qa2.json,
				Source/AppConstants.swift,
			);
			target = 128A223D2B4431B200FFD13D /* ZscalerSDKSampleAppUITests */;
		};
/* End PBXFileSystemSynchronizedBuildFileExceptionSet section */

/* Begin PBXFileSystemSynchronizedRootGroup section */
		33D705212E40EE97004EE721 /* ZscalerSDKSampleApp */ = {
			isa = PBXFileSystemSynchronizedRootGroup;
			exceptions = (
				33D705392E40EE97004EE721 /* Exceptions for "ZscalerSDKSampleApp" folder in "ZscalerSDKSampleApp" target */,
				33DA9C232E4E65AE00A92DF1 /* Exceptions for "ZscalerSDKSampleApp" folder in "ZscalerSDKSampleAppUITests" target */,
			);
			path = ZscalerSDKSampleApp;
			sourceTree = "<group>";
		};
		33D705402E40F0B6004EE721 /* ZscalerSDKSampleAppTests */ = {
			isa = PBXFileSystemSynchronizedRootGroup;
			exceptions = (
			);
			path = ZscalerSDKSampleAppTests;
			sourceTree = "<group>";
		};
		33D705442E40F0B8004EE721 /* ZscalerSDKSampleAppUITests */ = {
			isa = PBXFileSystemSynchronizedRootGroup;
			exceptions = (
			);
			path = ZscalerSDKSampleAppUITests;
			sourceTree = "<group>";
		};
/* End PBXFileSystemSynchronizedRootGroup section */

/* Begin PBXFrameworksBuildPhase section */
		128A22182B4431AF00FFD13D /* Frameworks */ = {
			isa = PBXFrameworksBuildPhase;
			buildActionMask = 2147483647;
			files = (
				A580AB9E2BAC2160005E1F27 /* WebKit.framework in Frameworks */,
			);
			runOnlyForDeploymentPostprocessing = 0;
		};
		128A22312B4431B200FFD13D /* Frameworks */ = {
			isa = PBXFrameworksBuildPhase;
			buildActionMask = 2147483647;
			files = (
			);
			runOnlyForDeploymentPostprocessing = 0;
		};
		128A223B2B4431B200FFD13D /* Frameworks */ = {
			isa = PBXFrameworksBuildPhase;
			buildActionMask = 2147483647;
			files = (
			);
			runOnlyForDeploymentPostprocessing = 0;
		};
/* End PBXFrameworksBuildPhase section */

/* Begin PBXGroup section */
		128A22122B4431AF00FFD13D = {
			isa = PBXGroup;
			children = (
				33D705212E40EE97004EE721 /* ZscalerSDKSampleApp */,
				33D705402E40F0B6004EE721 /* ZscalerSDKSampleAppTests */,
				33D705442E40F0B8004EE721 /* ZscalerSDKSampleAppUITests */,
				128A221C2B4431AF00FFD13D /* Products */,
				128A22512B44325500FFD13D /* Frameworks */,
				33DA80312E4E21E900A92DF1 /* Recovered References */,
			);
			sourceTree = "<group>";
		};
		128A221C2B4431AF00FFD13D /* Products */ = {
			isa = PBXGroup;
			children = (
				128A221B2B4431AF00FFD13D /* ZscalerSDKSampleApp.app */,
				128A22342B4431B200FFD13D /* ZscalerSDKSampleAppTests.xctest */,
				128A223E2B4431B200FFD13D /* ZscalerSDKSampleAppUITests.xctest */,
			);
			name = Products;
			sourceTree = "<group>";
		};
		128A22512B44325500FFD13D /* Frameworks */ = {
			isa = PBXGroup;
			children = (
				33DA88932E4E4FB700A92DF1 /* Zscaler.framework */,
				A580AB9D2BAC2160005E1F27 /* WebKit.framework */,
			);
			name = Frameworks;
			sourceTree = "<group>";
		};
		33DA80312E4E21E900A92DF1 /* Recovered References */ = {
			isa = PBXGroup;
			children = (
			);
			name = "Recovered References";
			sourceTree = "<group>";
		};
/* End PBXGroup section */

/* Begin PBXNativeTarget section */
		128A221A2B4431AF00FFD13D /* ZscalerSDKSampleApp */ = {
			isa = PBXNativeTarget;
			buildConfigurationList = 128A22482B4431B200FFD13D /* Build configuration list for PBXNativeTarget "ZscalerSDKSampleApp" */;
			buildPhases = (
				128A22172B4431AF00FFD13D /* Sources */,
				128A22182B4431AF00FFD13D /* Frameworks */,
				128A22192B4431AF00FFD13D /* Resources */,
				336212F02BF67D8F00A1AA38 /* Embed Frameworks */,
				A58861312C4E866F00554987 /* Run Crashlytics */,
			);
			buildRules = (
			);
			dependencies = (
			);
			fileSystemSynchronizedGroups = (
				33D705212E40EE97004EE721 /* ZscalerSDKSampleApp */,
			);
			name = ZscalerSDKSampleApp;
			productName = ZscalerSDKSampleApp;
			productReference = 128A221B2B4431AF00FFD13D /* ZscalerSDKSampleApp.app */;
			productType = "com.apple.product-type.application";
		};
		128A22332B4431B200FFD13D /* ZscalerSDKSampleAppTests */ = {
			isa = PBXNativeTarget;
			buildConfigurationList = 128A224B2B4431B200FFD13D /* Build configuration list for PBXNativeTarget "ZscalerSDKSampleAppTests" */;
			buildPhases = (
				128A22302B4431B200FFD13D /* Sources */,
				128A22312B4431B200FFD13D /* Frameworks */,
				128A22322B4431B200FFD13D /* Resources */,
			);
			buildRules = (
			);
			dependencies = (
				128A22362B4431B200FFD13D /* PBXTargetDependency */,
			);
			fileSystemSynchronizedGroups = (
				33D705402E40F0B6004EE721 /* ZscalerSDKSampleAppTests */,
			);
			name = ZscalerSDKSampleAppTests;
			productName = ZscalerSDKSampleAppTests;
			productReference = 128A22342B4431B200FFD13D /* ZscalerSDKSampleAppTests.xctest */;
			productType = "com.apple.product-type.bundle.unit-test";
		};
		128A223D2B4431B200FFD13D /* ZscalerSDKSampleAppUITests */ = {
			isa = PBXNativeTarget;
			buildConfigurationList = 128A224E2B4431B200FFD13D /* Build configuration list for PBXNativeTarget "ZscalerSDKSampleAppUITests" */;
			buildPhases = (
				128A223A2B4431B200FFD13D /* Sources */,
				128A223B2B4431B200FFD13D /* Frameworks */,
				128A223C2B4431B200FFD13D /* Resources */,
			);
			buildRules = (
			);
			dependencies = (
				128A22402B4431B200FFD13D /* PBXTargetDependency */,
			);
			fileSystemSynchronizedGroups = (
				33D705442E40F0B8004EE721 /* ZscalerSDKSampleAppUITests */,
			);
			name = ZscalerSDKSampleAppUITests;
			productName = ZscalerSDKSampleAppUItests;
			productReference = 128A223E2B4431B200FFD13D /* ZscalerSDKSampleAppUITests.xctest */;
			productType = "com.apple.product-type.bundle.ui-testing";
		};
/* End PBXNativeTarget section */

/* Begin PBXProject section */
		128A22132B4431AF00FFD13D /* Project object */ = {
			isa = PBXProject;
			attributes = {
				BuildIndependentTargetsInParallel = 1;
				LastSwiftUpdateCheck = 1510;
				LastUpgradeCheck = 1600;
				TargetAttributes = {
					128A221A2B4431AF00FFD13D = {
						CreatedOnToolsVersion = 15.1;
					};
					128A22332B4431B200FFD13D = {
						CreatedOnToolsVersion = 15.1;
						TestTargetID = 128A221A2B4431AF00FFD13D;
					};
					128A223D2B4431B200FFD13D = {
						CreatedOnToolsVersion = 15.1;
						TestTargetID = 128A221A2B4431AF00FFD13D;
					};
				};
			};
			buildConfigurationList = 128A22162B4431AF00FFD13D /* Build configuration list for PBXProject "ZscalerSDKSampleApp" */;
			developmentRegion = en;
			hasScannedForEncodings = 0;
			knownRegions = (
				en,
				Base,
			);
			mainGroup = 128A22122B4431AF00FFD13D;
			preferredProjectObjectVersion = 77;
			productRefGroup = 128A221C2B4431AF00FFD13D /* Products */;
			projectDirPath = "";
			projectRoot = "";
			targets = (
				128A221A2B4431AF00FFD13D /* ZscalerSDKSampleApp */,
				128A22332B4431B200FFD13D /* ZscalerSDKSampleAppTests */,
				128A223D2B4431B200FFD13D /* ZscalerSDKSampleAppUITests */,
			);
		};
/* End PBXProject section */

/* Begin PBXResourcesBuildPhase section */
		128A22192B4431AF00FFD13D /* Resources */ = {
			isa = PBXResourcesBuildPhase;
			buildActionMask = 2147483647;
			files = (
			);
			runOnlyForDeploymentPostprocessing = 0;
		};
		128A22322B4431B200FFD13D /* Resources */ = {
			isa = PBXResourcesBuildPhase;
			buildActionMask = 2147483647;
			files = (
			);
			runOnlyForDeploymentPostprocessing = 0;
		};
		128A223C2B4431B200FFD13D /* Resources */ = {
			isa = PBXResourcesBuildPhase;
			buildActionMask = 2147483647;
			files = (
			);
			runOnlyForDeploymentPostprocessing = 0;
		};
/* End PBXResourcesBuildPhase section */

/* Begin PBXShellScriptBuildPhase section */
		A58861312C4E866F00554987 /* Run Crashlytics */ = {
			isa = PBXShellScriptBuildPhase;
			buildActionMask = 2147483647;
			files = (
			);
			inputFileListPaths = (
			);
			inputPaths = (
				"${DWARF_DSYM_FOLDER_PATH}/${DWARF_DSYM_FILE_NAME}",
				"${DWARF_DSYM_FOLDER_PATH}/${DWARF_DSYM_FILE_NAME}/Contents/Resources/DWARF/${PRODUCT_NAME}",
				"${DWARF_DSYM_FOLDER_PATH}/${DWARF_DSYM_FILE_NAME}/Contents/Info.plist",
				"$(TARGET_BUILD_DIR)/$(UNLOCALIZED_RESOURCES_FOLDER_PATH)/GoogleService-Info.plist",
				"$(TARGET_BUILD_DIR)/$(EXECUTABLE_PATH)",
			);
			name = "Run Crashlytics";
			outputFileListPaths = (
			);
			outputPaths = (
			);
			runOnlyForDeploymentPostprocessing = 0;
			shellPath = /bin/sh;
			shellScript = "\"${PODS_ROOT}/FirebaseCrashlytics/run\"\n";
		};
/* End PBXShellScriptBuildPhase section */

/* Begin PBXSourcesBuildPhase section */
		128A22172B4431AF00FFD13D /* Sources */ = {
			isa = PBXSourcesBuildPhase;
			buildActionMask = 2147483647;
			files = (
			);
			runOnlyForDeploymentPostprocessing = 0;
		};
		128A22302B4431B200FFD13D /* Sources */ = {
			isa = PBXSourcesBuildPhase;
			buildActionMask = 2147483647;
			files = (
			);
			runOnlyForDeploymentPostprocessing = 0;
		};
		128A223A2B4431B200FFD13D /* Sources */ = {
			isa = PBXSourcesBuildPhase;
			buildActionMask = 2147483647;
			files = (
			);
			runOnlyForDeploymentPostprocessing = 0;
		};
/* End PBXSourcesBuildPhase section */

/* Begin PBXTargetDependency section */
		128A22362B4431B200FFD13D /* PBXTargetDependency */ = {
			isa = PBXTargetDependency;
			target = 128A221A2B4431AF00FFD13D /* ZscalerSDKSampleApp */;
			targetProxy = 128A22352B4431B200FFD13D /* PBXContainerItemProxy */;
		};
		128A22402B4431B200FFD13D /* PBXTargetDependency */ = {
			isa = PBXTargetDependency;
			target = 128A221A2B4431AF00FFD13D /* ZscalerSDKSampleApp */;
			targetProxy = 128A223F2B4431B200FFD13D /* PBXContainerItemProxy */;
		};
/* End PBXTargetDependency section */

/* Begin XCBuildConfiguration section */
		128A22462B4431B200FFD13D /* Debug */ = {
			isa = XCBuildConfiguration;
			buildSettings = {
				ALWAYS_SEARCH_USER_PATHS = NO;
				ASSETCATALOG_COMPILER_GENERATE_SWIFT_ASSET_SYMBOL_EXTENSIONS = YES;
				CLANG_ANALYZER_NONNULL = YES;
				CLANG_ANALYZER_NUMBER_OBJECT_CONVERSION = YES_AGGRESSIVE;
				CLANG_CXX_LANGUAGE_STANDARD = "gnu++20";
				CLANG_ENABLE_MODULES = YES;
				CLANG_ENABLE_OBJC_ARC = YES;
				CLANG_ENABLE_OBJC_WEAK = YES;
				CLANG_WARN_BLOCK_CAPTURE_AUTORELEASING = YES;
				CLANG_WARN_BOOL_CONVERSION = YES;
				CLANG_WARN_COMMA = YES;
				CLANG_WARN_CONSTANT_CONVERSION = YES;
				CLANG_WARN_DEPRECATED_OBJC_IMPLEMENTATIONS = YES;
				CLANG_WARN_DIRECT_OBJC_ISA_USAGE = YES_ERROR;
				CLANG_WARN_DOCUMENTATION_COMMENTS = YES;
				CLANG_WARN_EMPTY_BODY = YES;
				CLANG_WARN_ENUM_CONVERSION = YES;
				CLANG_WARN_INFINITE_RECURSION = YES;
				CLANG_WARN_INT_CONVERSION = YES;
				CLANG_WARN_NON_LITERAL_NULL_CONVERSION = YES;
				CLANG_WARN_OBJC_IMPLICIT_RETAIN_SELF = YES;
				CLANG_WARN_OBJC_LITERAL_CONVERSION = YES;
				CLANG_WARN_OBJC_ROOT_CLASS = YES_ERROR;
				CLANG_WARN_QUOTED_INCLUDE_IN_FRAMEWORK_HEADER = YES;
				CLANG_WARN_RANGE_LOOP_ANALYSIS = YES;
				CLANG_WARN_STRICT_PROTOTYPES = YES;
				CLANG_WARN_SUSPICIOUS_MOVE = YES;
				CLANG_WARN_UNGUARDED_AVAILABILITY = YES_AGGRESSIVE;
				CLANG_WARN_UNREACHABLE_CODE = YES;
				CLANG_WARN__DUPLICATE_METHOD_MATCH = YES;
				COPY_PHASE_STRIP = NO;
				DEBUG_INFORMATION_FORMAT = dwarf;
				ENABLE_STRICT_OBJC_MSGSEND = YES;
				ENABLE_TESTABILITY = YES;
				ENABLE_USER_SCRIPT_SANDBOXING = YES;
				GCC_C_LANGUAGE_STANDARD = gnu17;
				GCC_DYNAMIC_NO_PIC = NO;
				GCC_NO_COMMON_BLOCKS = YES;
				GCC_OPTIMIZATION_LEVEL = 0;
				GCC_PREPROCESSOR_DEFINITIONS = (
					"DEBUG=1",
					"$(inherited)",
				);
				GCC_WARN_64_TO_32_BIT_CONVERSION = YES;
				GCC_WARN_ABOUT_RETURN_TYPE = YES_ERROR;
				GCC_WARN_UNDECLARED_SELECTOR = YES;
				GCC_WARN_UNINITIALIZED_AUTOS = YES_AGGRESSIVE;
				GCC_WARN_UNUSED_FUNCTION = YES;
				GCC_WARN_UNUSED_VARIABLE = YES;
				IPHONEOS_DEPLOYMENT_TARGET = 15.0;
				LOCALIZATION_PREFERS_STRING_CATALOGS = YES;
				MTL_ENABLE_DEBUG_INFO = INCLUDE_SOURCE;
				MTL_FAST_MATH = YES;
				ONLY_ACTIVE_ARCH = YES;
				SDKROOT = iphoneos;
				SWIFT_ACTIVE_COMPILATION_CONDITIONS = "DEBUG $(inherited)";
				SWIFT_OPTIMIZATION_LEVEL = "-Onone";
			};
			name = Debug;
		};
		128A22472B4431B200FFD13D /* Release */ = {
			isa = XCBuildConfiguration;
			buildSettings = {
				ALWAYS_SEARCH_USER_PATHS = NO;
				ASSETCATALOG_COMPILER_GENERATE_SWIFT_ASSET_SYMBOL_EXTENSIONS = YES;
				CLANG_ANALYZER_NONNULL = YES;
				CLANG_ANALYZER_NUMBER_OBJECT_CONVERSION = YES_AGGRESSIVE;
				CLANG_CXX_LANGUAGE_STANDARD = "gnu++20";
				CLANG_ENABLE_MODULES = YES;
				CLANG_ENABLE_OBJC_ARC = YES;
				CLANG_ENABLE_OBJC_WEAK = YES;
				CLANG_WARN_BLOCK_CAPTURE_AUTORELEASING = YES;
				CLANG_WARN_BOOL_CONVERSION = YES;
				CLANG_WARN_COMMA = YES;
				CLANG_WARN_CONSTANT_CONVERSION = YES;
				CLANG_WARN_DEPRECATED_OBJC_IMPLEMENTATIONS = YES;
				CLANG_WARN_DIRECT_OBJC_ISA_USAGE = YES_ERROR;
				CLANG_WARN_DOCUMENTATION_COMMENTS = YES;
				CLANG_WARN_EMPTY_BODY = YES;
				CLANG_WARN_ENUM_CONVERSION = YES;
				CLANG_WARN_INFINITE_RECURSION = YES;
				CLANG_WARN_INT_CONVERSION = YES;
				CLANG_WARN_NON_LITERAL_NULL_CONVERSION = YES;
				CLANG_WARN_OBJC_IMPLICIT_RETAIN_SELF = YES;
				CLANG_WARN_OBJC_LITERAL_CONVERSION = YES;
				CLANG_WARN_OBJC_ROOT_CLASS = YES_ERROR;
				CLANG_WARN_QUOTED_INCLUDE_IN_FRAMEWORK_HEADER = YES;
				CLANG_WARN_RANGE_LOOP_ANALYSIS = YES;
				CLANG_WARN_STRICT_PROTOTYPES = YES;
				CLANG_WARN_SUSPICIOUS_MOVE = YES;
				CLANG_WARN_UNGUARDED_AVAILABILITY = YES_AGGRESSIVE;
				CLANG_WARN_UNREACHABLE_CODE = YES;
				CLANG_WARN__DUPLICATE_METHOD_MATCH = YES;
				COPY_PHASE_STRIP = NO;
				DEBUG_INFORMATION_FORMAT = "dwarf-with-dsym";
				ENABLE_NS_ASSERTIONS = NO;
				ENABLE_STRICT_OBJC_MSGSEND = YES;
				ENABLE_USER_SCRIPT_SANDBOXING = YES;
				GCC_C_LANGUAGE_STANDARD = gnu17;
				GCC_NO_COMMON_BLOCKS = YES;
				GCC_WARN_64_TO_32_BIT_CONVERSION = YES;
				GCC_WARN_ABOUT_RETURN_TYPE = YES_ERROR;
				GCC_WARN_UNDECLARED_SELECTOR = YES;
				GCC_WARN_UNINITIALIZED_AUTOS = YES_AGGRESSIVE;
				GCC_WARN_UNUSED_FUNCTION = YES;
				GCC_WARN_UNUSED_VARIABLE = YES;
				IPHONEOS_DEPLOYMENT_TARGET = 15.0;
				LOCALIZATION_PREFERS_STRING_CATALOGS = YES;
				MTL_ENABLE_DEBUG_INFO = NO;
				MTL_FAST_MATH = YES;
				SDKROOT = iphoneos;
				SWIFT_COMPILATION_MODE = wholemodule;
				VALIDATE_PRODUCT = YES;
			};
			name = Release;
		};
		128A22492B4431B200FFD13D /* Debug */ = {
			isa = XCBuildConfiguration;
			buildSettings = {
				ASSETCATALOG_COMPILER_APPICON_NAME = AppIcon;
				ASSETCATALOG_COMPILER_GLOBAL_ACCENT_COLOR_NAME = AccentColor;
				CODE_SIGN_STYLE = Automatic;
				CURRENT_PROJECT_VERSION = 1;
				DEBUG_INFORMATION_FORMAT = "dwarf-with-dsym";
				DEVELOPMENT_TEAM = PCBCQZJ7S7;
				ENABLE_USER_SCRIPT_SANDBOXING = NO;
				GENERATE_INFOPLIST_FILE = YES;
				INFOPLIST_FILE = ZscalerSDKSampleApp/Info.plist;
				INFOPLIST_KEY_CFBundleDisplayName = "ZscalerSDK Sample App";
				INFOPLIST_KEY_UIApplicationSupportsIndirectInputEvents = YES;
				INFOPLIST_KEY_UILaunchStoryboardName = LaunchScreen;
				INFOPLIST_KEY_UISupportedInterfaceOrientations_iPad = "UIInterfaceOrientationPortrait UIInterfaceOrientationPortraitUpsideDown UIInterfaceOrientationLandscapeLeft UIInterfaceOrientationLandscapeRight";
				INFOPLIST_KEY_UISupportedInterfaceOrientations_iPhone = "UIInterfaceOrientationPortrait UIInterfaceOrientationLandscapeLeft UIInterfaceOrientationLandscapeRight";
				LD_RUNPATH_SEARCH_PATHS = (
					"$(inherited)",
					"@executable_path/Frameworks",
				);
				MARKETING_VERSION = 1.2;
				PRODUCT_BUNDLE_IDENTIFIER = "com.zscaler.sdk.zscalersdk-ios.TestApp";
				PRODUCT_NAME = "$(TARGET_NAME)";
				SWIFT_EMIT_LOC_STRINGS = YES;
				SWIFT_VERSION = 6.0;
				TARGETED_DEVICE_FAMILY = "1,2";
			};
			name = Debug;
		};
		128A224A2B4431B200FFD13D /* Release */ = {
			isa = XCBuildConfiguration;
			buildSettings = {
				ASSETCATALOG_COMPILER_APPICON_NAME = AppIcon;
				ASSETCATALOG_COMPILER_GLOBAL_ACCENT_COLOR_NAME = AccentColor;
				"CODE_SIGN_IDENTITY[sdk=iphoneos*]" = "iPhone Distribution";
				CODE_SIGN_STYLE = Manual;
				CURRENT_PROJECT_VERSION = 1;
				DEBUG_INFORMATION_FORMAT = "dwarf-with-dsym";
				DEVELOPMENT_TEAM = "";
				"DEVELOPMENT_TEAM[sdk=iphoneos*]" = PCBCQZJ7S7;
				ENABLE_USER_SCRIPT_SANDBOXING = NO;
				GENERATE_INFOPLIST_FILE = YES;
				INFOPLIST_FILE = ZscalerSDKSampleApp/Info.plist;
				INFOPLIST_KEY_CFBundleDisplayName = "ZscalerSDK Sample App";
				INFOPLIST_KEY_UIApplicationSupportsIndirectInputEvents = YES;
				INFOPLIST_KEY_UILaunchStoryboardName = LaunchScreen;
				INFOPLIST_KEY_UISupportedInterfaceOrientations_iPad = "UIInterfaceOrientationPortrait UIInterfaceOrientationPortraitUpsideDown UIInterfaceOrientationLandscapeLeft UIInterfaceOrientationLandscapeRight";
				INFOPLIST_KEY_UISupportedInterfaceOrientations_iPhone = "UIInterfaceOrientationPortrait UIInterfaceOrientationLandscapeLeft UIInterfaceOrientationLandscapeRight";
				LD_RUNPATH_SEARCH_PATHS = (
					"$(inherited)",
					"@executable_path/Frameworks",
				);
				MARKETING_VERSION = 1.2;
				PRODUCT_BUNDLE_IDENTIFIER = "com.zscaler.sdk.zscalersdk-ios.TestApp";
				PRODUCT_NAME = "$(TARGET_NAME)";
				PROVISIONING_PROFILE_SPECIFIER = "";
				"PROVISIONING_PROFILE_SPECIFIER[sdk=iphoneos*]" = "ZDK App Distribution Profile";
				SWIFT_EMIT_LOC_STRINGS = YES;
				SWIFT_VERSION = 6.0;
				TARGETED_DEVICE_FAMILY = "1,2";
			};
			name = Release;
		};
		128A224C2B4431B200FFD13D /* Debug */ = {
			isa = XCBuildConfiguration;
			buildSettings = {
				BUNDLE_LOADER = "$(TEST_HOST)";
				CODE_SIGN_STYLE = Automatic;
				CURRENT_PROJECT_VERSION = 1;
				DEVELOPMENT_TEAM = PCBCQZJ7S7;
				ENABLE_USER_SCRIPT_SANDBOXING = NO;
				GENERATE_INFOPLIST_FILE = YES;
				MARKETING_VERSION = 1.0;
				PRODUCT_BUNDLE_IDENTIFIER = "com.zscaler.sdk.zscalersdk-ios.TestApp.Tests";
				PRODUCT_NAME = "$(TARGET_NAME)";
				SWIFT_EMIT_LOC_STRINGS = NO;
				SWIFT_VERSION = 5.0;
				TARGETED_DEVICE_FAMILY = "1,2";
				TEST_HOST = "$(BUILT_PRODUCTS_DIR)/ZscalerSDKSampleApp.app/$(BUNDLE_EXECUTABLE_FOLDER_PATH)/ZscalerSDKSampleApp";
			};
			name = Debug;
		};
		128A224D2B4431B200FFD13D /* Release */ = {
			isa = XCBuildConfiguration;
			buildSettings = {
				BUNDLE_LOADER = "$(TEST_HOST)";
				CODE_SIGN_STYLE = Automatic;
				CURRENT_PROJECT_VERSION = 1;
				DEVELOPMENT_TEAM = PCBCQZJ7S7;
				ENABLE_USER_SCRIPT_SANDBOXING = NO;
				GENERATE_INFOPLIST_FILE = YES;
				MARKETING_VERSION = 1.0;
				PRODUCT_BUNDLE_IDENTIFIER = "com.zscaler.sdk.zscalersdk-ios.TestApp.Tests";
				PRODUCT_NAME = "$(TARGET_NAME)";
				SWIFT_EMIT_LOC_STRINGS = NO;
				SWIFT_VERSION = 5.0;
				TARGETED_DEVICE_FAMILY = "1,2";
				TEST_HOST = "$(BUILT_PRODUCTS_DIR)/ZscalerSDKSampleApp.app/$(BUNDLE_EXECUTABLE_FOLDER_PATH)/ZscalerSDKSampleApp";
			};
			name = Release;
		};
		128A224F2B4431B200FFD13D /* Debug */ = {
			isa = XCBuildConfiguration;
			buildSettings = {
				CODE_SIGN_STYLE = Automatic;
				CURRENT_PROJECT_VERSION = 1;
				DEVELOPMENT_TEAM = PCBCQZJ7S7;
				ENABLE_USER_SCRIPT_SANDBOXING = NO;
				GENERATE_INFOPLIST_FILE = YES;
				MARKETING_VERSION = 1.0;
				PRODUCT_BUNDLE_IDENTIFIER = "com.zscaler.sdk.zscalersdk-ios.TestApp.UITests";
				PRODUCT_NAME = "$(TARGET_NAME)";
				SWIFT_EMIT_LOC_STRINGS = NO;
				SWIFT_VERSION = 5.0;
				TARGETED_DEVICE_FAMILY = "1,2";
			};
			name = Debug;
		};
		128A22502B4431B200FFD13D /* Release */ = {
			isa = XCBuildConfiguration;
			buildSettings = {
				CODE_SIGN_STYLE = Automatic;
				CURRENT_PROJECT_VERSION = 1;
				DEVELOPMENT_TEAM = PCBCQZJ7S7;
				ENABLE_USER_SCRIPT_SANDBOXING = NO;
				GENERATE_INFOPLIST_FILE = YES;
				MARKETING_VERSION = 1.0;
				PRODUCT_BUNDLE_IDENTIFIER = "com.zscaler.sdk.zscalersdk-ios.TestApp.UITests";
				PRODUCT_NAME = "$(TARGET_NAME)";
				SWIFT_EMIT_LOC_STRINGS = NO;
				SWIFT_VERSION = 5.0;
				TARGETED_DEVICE_FAMILY = "1,2";
			};
			name = Release;
		};
/* End XCBuildConfiguration section */

/* Begin XCConfigurationList section */
		128A22162B4431AF00FFD13D /* Build configuration list for PBXProject "ZscalerSDKSampleApp" */ = {
			isa = XCConfigurationList;
			buildConfigurations = (
				128A22462B4431B200FFD13D /* Debug */,
				128A22472B4431B200FFD13D /* Release */,
			);
			defaultConfigurationIsVisible = 0;
			defaultConfigurationName = Release;
		};
		128A22482B4431B200FFD13D /* Build configuration list for PBXNativeTarget "ZscalerSDKSampleApp" */ = {
			isa = XCConfigurationList;
			buildConfigurations = (
				128A22492B4431B200FFD13D /* Debug */,
				128A224A2B4431B200FFD13D /* Release */,
			);
			defaultConfigurationIsVisible = 0;
			defaultConfigurationName = Release;
		};
		128A224B2B4431B200FFD13D /* Build configuration list for PBXNativeTarget "ZscalerSDKSampleAppTests" */ = {
			isa = XCConfigurationList;
			buildConfigurations = (
				128A224C2B4431B200FFD13D /* Debug */,
				128A224D2B4431B200FFD13D /* Release */,
			);
			defaultConfigurationIsVisible = 0;
			defaultConfigurationName = Release;
		};
		128A224E2B4431B200FFD13D /* Build configuration list for PBXNativeTarget "ZscalerSDKSampleAppUITests" */ = {
			isa = XCConfigurationList;
			buildConfigurations = (
				128A224F2B4431B200FFD13D /* Debug */,
				128A22502B4431B200FFD13D /* Release */,
			);
			defaultConfigurationIsVisible = 0;
			defaultConfigurationName = Release;
		};
/* End XCConfigurationList section */
	};
	rootObject = 128A22132B4431AF00FFD13D /* Project object */;
}
